
Microsoft Visual Studio Solution File, Format Version 12.00
Project("{FAE04EC0-301F-11D3-BF4B-00C04F79EFBC}") = "Forfeit15.Auth.Api", "Forfeit15.Auth.Api\Forfeit15.Auth.Api.csproj", "{14BD9200-FE27-4816-940D-1ADDD1CDF0DD}"
EndProject
Project("{FAE04EC0-301F-11D3-BF4B-00C04F79EFBC}") = "Forfeit15.Auth.Core.Api", "Forfeit15.Auth.Core.Api\Forfeit15.Auth.Core.Api.csproj", "{17950E83-580D-4F49-8C6F-8BD357E097C9}"
EndProject
Project("{FAE04EC0-301F-11D3-BF4B-00C04F79EFBC}") = "Forfeit15.Auth.Postgres", "Forfeit15.Auth.Postgres\Forfeit15.Auth.Postgres.csproj", "{E1CDEDCC-BD96-4027-8F92-2DA6E12B8C07}"
EndProject
Global
	GlobalSection(SolutionConfigurationPlatforms) = preSolution
		Debug|Any CPU = Debug|Any CPU
		Release|Any CPU = Release|Any CPU
	EndGlobalSection
	GlobalSection(ProjectConfigurationPlatforms) = postSolution
		{14BD9200-FE27-4816-940D-1ADDD1CDF0DD}.Debug|Any CPU.ActiveCfg = Debug|Any CPU
		{14BD9200-FE27-4816-940D-1ADDD1CDF0DD}.Debug|Any CPU.Build.0 = Debug|Any CPU
		{14BD9200-FE27-4816-940D-1ADDD1CDF0DD}.Release|Any CPU.ActiveCfg = Release|Any CPU
		{14BD9200-FE27-4816-940D-1ADDD1CDF0DD}.Release|Any CPU.Build.0 = Release|Any CPU
		{17950E83-580D-4F49-8C6F-8BD357E097C9}.Debug|Any CPU.ActiveCfg = Debug|Any CPU
		{17950E83-580D-4F49-8C6F-8BD357E097C9}.Debug|Any CPU.Build.0 = Debug|Any CPU
		{17950E83-580D-4F49-8C6F-8BD357E097C9}.Release|Any CPU.ActiveCfg = Release|Any CPU
		{17950E83-580D-4F49-8C6F-8BD357E097C9}.Release|Any CPU.Build.0 = Release|Any CPU
		{E1CDEDCC-BD96-4027-8F92-2DA6E12B8C07}.Debug|Any CPU.ActiveCfg = Debug|Any CPU
		{E1CDEDCC-BD96-4027-8F92-2DA6E12B8C07}.Debug|Any CPU.Build.0 = Debug|Any CPU
		{E1CDEDCC-BD96-4027-8F92-2DA6E12B8C07}.Release|Any CPU.ActiveCfg = Release|Any CPU
		{E1CDEDCC-BD96-4027-8F92-2DA6E12B8C07}.Release|Any CPU.Build.0 = Release|Any CPU
	EndGlobalSection
EndGlobal
